
Microsoft Visual Studio Solution File, Format Version 12.00
# Visual Studio Version 17
VisualStudioVersion = 17.0.32014.148
MinimumVisualStudioVersion = 10.0.40219.1
Project("{888888A0-9F3D-457C-B088-3A5042F75D52}") = "PyRwu", "PyRwu\PyRwu.pyproj", "{8F6CFF57-84CD-4869-BF1D-0DCE40B1C15F}"
EndProject
Project("{2150E333-8FDC-42A3-9474-1A3956D46DE8}") = "Solution Items", "Solution Items", "{353E064F-20DD-4223-BDB7-4FE1F9815576}"
	ProjectSection(SolutionItems) = preProject
		.editorconfig = .editorconfig
		docsource\conf.py = docsource\conf.py
		docsource\flags.rst = docsource\flags.rst
		docsource\index.rst = docsource\index.rst
		docsource\make.bat = docsource\make.bat
		docsource\Makefile = docsource\Makefile
		README.md = README.md
	EndProjectSection
EndProject
Project("{FAE04EC0-301F-11D3-BF4B-00C04F79EFBC}") = "PyRwuExe", "PyRwuExe\PyRwuExe.csproj", "{DAA4FE7F-F2BE-4730-96C3-6A6F0F052496}"
EndProject
Global
	GlobalSection(SolutionConfigurationPlatforms) = preSolution
		Debug|Any CPU = Debug|Any CPU
		Debug|x64 = Debug|x64
		Debug|x86 = Debug|x86
		Release|Any CPU = Release|Any CPU
		Release|x64 = Release|x64
		Release|x86 = Release|x86
	EndGlobalSection
	GlobalSection(ProjectConfigurationPlatforms) = postSolution
		{8F6CFF57-84CD-4869-BF1D-0DCE40B1C15F}.Debug|Any CPU.ActiveCfg = Debug|Any CPU
		{8F6CFF57-84CD-4869-BF1D-0DCE40B1C15F}.Debug|x64.ActiveCfg = Debug|Any CPU
		{8F6CFF57-84CD-4869-BF1D-0DCE40B1C15F}.Debug|x86.ActiveCfg = Debug|Any CPU
		{8F6CFF57-84CD-4869-BF1D-0DCE40B1C15F}.Release|Any CPU.ActiveCfg = Release|Any CPU
		{8F6CFF57-84CD-4869-BF1D-0DCE40B1C15F}.Release|x64.ActiveCfg = Release|Any CPU
		{8F6CFF57-84CD-4869-BF1D-0DCE40B1C15F}.Release|x86.ActiveCfg = Release|Any CPU
		{DAA4FE7F-F2BE-4730-96C3-6A6F0F052496}.Debug|Any CPU.ActiveCfg = Debug|Any CPU
		{DAA4FE7F-F2BE-4730-96C3-6A6F0F052496}.Debug|Any CPU.Build.0 = Debug|Any CPU
		{DAA4FE7F-F2BE-4730-96C3-6A6F0F052496}.Debug|x64.ActiveCfg = Debug|Any CPU
		{DAA4FE7F-F2BE-4730-96C3-6A6F0F052496}.Debug|x64.Build.0 = Debug|Any CPU
		{DAA4FE7F-F2BE-4730-96C3-6A6F0F052496}.Debug|x86.ActiveCfg = Debug|Any CPU
		{DAA4FE7F-F2BE-4730-96C3-6A6F0F052496}.Debug|x86.Build.0 = Debug|Any CPU
		{DAA4FE7F-F2BE-4730-96C3-6A6F0F052496}.Release|Any CPU.ActiveCfg = Release|Any CPU
		{DAA4FE7F-F2BE-4730-96C3-6A6F0F052496}.Release|Any CPU.Build.0 = Release|Any CPU
		{DAA4FE7F-F2BE-4730-96C3-6A6F0F052496}.Release|x64.ActiveCfg = Release|Any CPU
		{DAA4FE7F-F2BE-4730-96C3-6A6F0F052496}.Release|x64.Build.0 = Release|Any CPU
		{DAA4FE7F-F2BE-4730-96C3-6A6F0F052496}.Release|x86.ActiveCfg = Release|Any CPU
		{DAA4FE7F-F2BE-4730-96C3-6A6F0F052496}.Release|x86.Build.0 = Release|Any CPU
	EndGlobalSection
	GlobalSection(SolutionProperties) = preSolution
		HideSolutionNode = FALSE
	EndGlobalSection
	GlobalSection(ExtensibilityGlobals) = postSolution
		SolutionGuid = {2EF494BA-2A36-4DD0-BB61-FB1CD856527D}
	EndGlobalSection
EndGlobal
